
Microsoft Visual Studio Solution File, Format Version 12.00
# Visual Studio Version 17
VisualStudioVersion = 17.8.34601.278
MinimumVisualStudioVersion = 10.0.40219.1
Project("{FAE04EC0-301F-11D3-BF4B-00C04F79EFBC}") = "Framework4friends", "Framework4friends.csproj", "{71C4D183-93D8-4289-BE1C-9EDE680839C0}"
EndProject
Project("{FAE04EC0-301F-11D3-BF4B-00C04F79EFBC}") = "UnitTestProject", "..\UnitTestProject\UnitTestProject.csproj", "{6BD01850-990D-4CAF-BDB9-7676B8705A00}"
EndProject
Global
	GlobalSection(SolutionConfigurationPlatforms) = preSolution
		Debug|Any CPU = Debug|Any CPU
		Release|Any CPU = Release|Any CPU
	EndGlobalSection
	GlobalSection(ProjectConfigurationPlatforms) = postSolution
		{71C4D183-93D8-4289-BE1C-9EDE680839C0}.Debug|Any CPU.ActiveCfg = Debug|Any CPU
		{71C4D183-93D8-4289-BE1C-9EDE680839C0}.Debug|Any CPU.Build.0 = Debug|Any CPU
		{71C4D183-93D8-4289-BE1C-9EDE680839C0}.Release|Any CPU.ActiveCfg = Release|Any CPU
		{71C4D183-93D8-4289-BE1C-9EDE680839C0}.Release|Any CPU.Build.0 = Release|Any CPU
		{6BD01850-990D-4CAF-BDB9-7676B8705A00}.Debug|Any CPU.ActiveCfg = Debug|Any CPU
		{6BD01850-990D-4CAF-BDB9-7676B8705A00}.Debug|Any CPU.Build.0 = Debug|Any CPU
		{6BD01850-990D-4CAF-BDB9-7676B8705A00}.Release|Any CPU.ActiveCfg = Release|Any CPU
		{6BD01850-990D-4CAF-BDB9-7676B8705A00}.Release|Any CPU.Build.0 = Release|Any CPU
	EndGlobalSection
	GlobalSection(SolutionProperties) = preSolution
		HideSolutionNode = FALSE
	EndGlobalSection
	GlobalSection(ExtensibilityGlobals) = postSolution
		SolutionGuid = {29425E4A-D7CB-406F-AA5A-4F78E90B3EF1}
	EndGlobalSection
EndGlobal
